# This file is automatically @generated by Cargo.
# It is not intended for manual editing.
version = 4

[[package]]
name = "proc-macro2"
version = "1.0.88"
source = "registry+https://github.com/rust-lang/crates.io-index"
checksum = "7c3a7fc5db1e57d5a779a352c8cdb57b29aa4c40cc69c3a68a7fedc815fbf2f9"
dependencies = [
 "unicode-ident",
]

[[package]]
name = "quote"
version = "1.0.37"
source = "registry+https://github.com/rust-lang/crates.io-index"
checksum = "b5b9d34b8991d19d98081b46eacdd8eb58c6f2b201139f7c5f643cc155a633af"
dependencies = [
 "proc-macro2",
]

[[package]]
name = "rudelblinken-filesystem"
version = "0.1.0"
dependencies = [
 "thiserror",
 "zerocopy",
]

[[package]]
name = "syn"
version = "2.0.87"
source = "registry+https://github.com/rust-lang/crates.io-index"
checksum = "25aa4ce346d03a6dcd68dd8b4010bcb74e54e62c90c573f394c46eae99aba32d"
dependencies = [
 "proc-macro2",
 "quote",
 "unicode-ident",
]

[[package]]
name = "thiserror"
version = "2.0.0"
source = "registry+https://github.com/rust-lang/crates.io-index"
checksum = "15291287e9bff1bc6f9ff3409ed9af665bec7a5fc8ac079ea96be07bca0e2668"
dependencies = [
 "thiserror-impl",
]

[[package]]
name = "thiserror-impl"
version = "2.0.0"
source = "registry+https://github.com/rust-lang/crates.io-index"
checksum = "22efd00f33f93fa62848a7cab956c3d38c8d43095efda1decfc2b3a5dc0b8972"
dependencies = [
 "proc-macro2",
 "quote",
 "syn",
]

[[package]]
name = "unicode-ident"
version = "1.0.13"
source = "registry+https://github.com/rust-lang/crates.io-index"
checksum = "e91b56cd4cadaeb79bbf1a5645f6b4f8dc5bde8834ad5894a8db35fda9efa1fe"

[[package]]
name = "zerocopy"
version = "0.8.9"
source = "registry+https://github.com/rust-lang/crates.io-index"
checksum = "f49e690f8f352f4a9ee8679a8c5921f42ffd0d6d6413a0a66b8e81cf524e109c"
dependencies = [
 "zerocopy-derive",
]

[[package]]
name = "zerocopy-derive"
version = "0.8.9"
source = "registry+https://github.com/rust-lang/crates.io-index"
checksum = "fa732fcc881df7a6fbe8e3ed17baadece53b379ad58fe2633396b1a2b108a7b1"
dependencies = [
 "proc-macro2",
 "quote",
 "syn",
]
